// !$*UTF8*$!
{
	archiveVersion = 1;
	classes = {
	};
	objectVersion = 46;
	objects = {

/* Begin PBXBuildFile section */
		5464AEFC15389BFB002C479B /* SampleController.m in Sources */ = {isa = PBXBuildFile; fileRef = 5464AEFB15389BFB002C479B /* SampleController.m */; };
		547739C11537132F00D24759 /* UIKit.framework in Frameworks */ = {isa = PBXBuildFile; fileRef = 547739C01537132F00D24759 /* UIKit.framework */; };
		547739C31537132F00D24759 /* Foundation.framework in Frameworks */ = {isa = PBXBuildFile; fileRef = 547739C21537132F00D24759 /* Foundation.framework */; };
		547739C51537132F00D24759 /* CoreGraphics.framework in Frameworks */ = {isa = PBXBuildFile; fileRef = 547739C41537132F00D24759 /* CoreGraphics.framework */; };
		547739CD1537132F00D24759 /* main.m in Sources */ = {isa = PBXBuildFile; fileRef = 547739CC1537132F00D24759 /* main.m */; };
		549B9FD5153714F200577F04 /* OGActionChooser.m in Sources */ = {isa = PBXBuildFile; fileRef = 549B9FD4153714F200577F04 /* OGActionChooser.m */; };
		549B9FD715371CD100577F04 /* actionChooser_Button.png in Resources */ = {isa = PBXBuildFile; fileRef = 549B9FD615371CD100577F04 /* actionChooser_Button.png */; };
/* End PBXBuildFile section */

/* Begin PBXFileReference section */
		5464AEFA15389BFB002C479B /* SampleController.h */ = {isa = PBXFileReference; fileEncoding = 4; lastKnownFileType = sourcecode.c.h; path = SampleController.h; sourceTree = "<group>"; };
		5464AEFB15389BFB002C479B /* SampleController.m */ = {isa = PBXFileReference; fileEncoding = 4; lastKnownFileType = sourcecode.c.objc; path = SampleController.m; sourceTree = "<group>"; };
		547739BC1537132F00D24759 /* OGActionChooser.app */ = {isa = PBXFileReference; explicitFileType = wrapper.application; includeInIndex = 0; path = OGActionChooser.app; sourceTree = BUILT_PRODUCTS_DIR; };
		547739C01537132F00D24759 /* UIKit.framework */ = {isa = PBXFileReference; lastKnownFileType = wrapper.framework; name = UIKit.framework; path = System/Library/Frameworks/UIKit.framework; sourceTree = SDKROOT; };
		547739C21537132F00D24759 /* Foundation.framework */ = {isa = PBXFileReference; lastKnownFileType = wrapper.framework; name = Foundation.framework; path = System/Library/Frameworks/Foundation.framework; sourceTree = SDKROOT; };
		547739C41537132F00D24759 /* CoreGraphics.framework */ = {isa = PBXFileReference; lastKnownFileType = wrapper.framework; name = CoreGraphics.framework; path = System/Library/Frameworks/CoreGraphics.framework; sourceTree = SDKROOT; };
		547739C81537132F00D24759 /* OGActionChooser-Info.plist */ = {isa = PBXFileReference; lastKnownFileType = text.plist.xml; path = "OGActionChooser-Info.plist"; sourceTree = "<group>"; };
		547739CC1537132F00D24759 /* main.m */ = {isa = PBXFileReference; lastKnownFileType = sourcecode.c.objc; path = main.m; sourceTree = "<group>"; };
		547739CE1537132F00D24759 /* OGActionChooser-Prefix.pch */ = {isa = PBXFileReference; lastKnownFileType = sourcecode.c.h; path = "OGActionChooser-Prefix.pch"; sourceTree = "<group>"; };
		549B9FD3153714F200577F04 /* OGActionChooser.h */ = {isa = PBXFileReference; fileEncoding = 4; lastKnownFileType = sourcecode.c.h; path = OGActionChooser.h; sourceTree = "<group>"; };
		549B9FD4153714F200577F04 /* OGActionChooser.m */ = {isa = PBXFileReference; fileEncoding = 4; lastKnownFileType = sourcecode.c.objc; path = OGActionChooser.m; sourceTree = "<group>"; };
		549B9FD615371CD100577F04 /* actionChooser_Button.png */ = {isa = PBXFileReference; lastKnownFileType = image.png; path = actionChooser_Button.png; sourceTree = "<group>"; };
/* End PBXFileReference section */

/* Begin PBXFrameworksBuildPhase section */
		547739B91537132F00D24759 /* Frameworks */ = {
			isa = PBXFrameworksBuildPhase;
			buildActionMask = 2147483647;
			files = (
				547739C11537132F00D24759 /* UIKit.framework in Frameworks */,
				547739C31537132F00D24759 /* Foundation.framework in Frameworks */,
				547739C51537132F00D24759 /* CoreGraphics.framework in Frameworks */,
			);
			runOnlyForDeploymentPostprocessing = 0;
		};
/* End PBXFrameworksBuildPhase section */

/* Begin PBXGroup section */
		547739B11537132F00D24759 = {
			isa = PBXGroup;
			children = (
				547739C61537132F00D24759 /* OGActionChooser */,
				547739BF1537132F00D24759 /* Frameworks */,
				547739BD1537132F00D24759 /* Products */,
			);
			sourceTree = "<group>";
		};
		547739BD1537132F00D24759 /* Products */ = {
			isa = PBXGroup;
			children = (
				547739BC1537132F00D24759 /* OGActionChooser.app */,
			);
			name = Products;
			sourceTree = "<group>";
		};
		547739BF1537132F00D24759 /* Frameworks */ = {
			isa = PBXGroup;
			children = (
				547739C01537132F00D24759 /* UIKit.framework */,
				547739C21537132F00D24759 /* Foundation.framework */,
				547739C41537132F00D24759 /* CoreGraphics.framework */,
			);
			name = Frameworks;
			sourceTree = "<group>";
		};
		547739C61537132F00D24759 /* OGActionChooser */ = {
			isa = PBXGroup;
			children = (
				549B9FD3153714F200577F04 /* OGActionChooser.h */,
				549B9FD4153714F200577F04 /* OGActionChooser.m */,
				5464AEFA15389BFB002C479B /* SampleController.h */,
				5464AEFB15389BFB002C479B /* SampleController.m */,
				549B9FD615371CD100577F04 /* actionChooser_Button.png */,
				547739C71537132F00D24759 /* Supporting Files */,
			);
			name = OGActionChooser;
			path = "OGActionChooser-Example";
			sourceTree = "<group>";
		};
		547739C71537132F00D24759 /* Supporting Files */ = {
			isa = PBXGroup;
			children = (
				547739C81537132F00D24759 /* OGActionChooser-Info.plist */,
				547739CC1537132F00D24759 /* main.m */,
				547739CE1537132F00D24759 /* OGActionChooser-Prefix.pch */,
			);
			name = "Supporting Files";
			sourceTree = "<group>";
		};
/* End PBXGroup section */

/* Begin PBXNativeTarget section */
		547739BB1537132F00D24759 /* OGActionChooser */ = {
			isa = PBXNativeTarget;
			buildConfigurationList = 547739DD1537132F00D24759 /* Build configuration list for PBXNativeTarget "OGActionChooser" */;
			buildPhases = (
				547739B81537132F00D24759 /* Sources */,
				547739B91537132F00D24759 /* Frameworks */,
				547739BA1537132F00D24759 /* Resources */,
			);
			buildRules = (
			);
			dependencies = (
			);
			name = OGActionChooser;
			productName = "OGActionChooser-Example";
			productReference = 547739BC1537132F00D24759 /* OGActionChooser.app */;
			productType = "com.apple.product-type.application";
		};
/* End PBXNativeTarget section */

/* Begin PBXProject section */
		547739B31537132F00D24759 /* Project object */ = {
			isa = PBXProject;
			attributes = {
				CLASSPREFIX = OG;
				LastUpgradeCheck = 0430;
			};
			buildConfigurationList = 547739B61537132F00D24759 /* Build configuration list for PBXProject "OGActionChooser" */;
			compatibilityVersion = "Xcode 3.2";
			developmentRegion = English;
			hasScannedForEncodings = 0;
			knownRegions = (
				en,
			);
			mainGroup = 547739B11537132F00D24759;
			productRefGroup = 547739BD1537132F00D24759 /* Products */;
			projectDirPath = "";
			projectRoot = "";
			targets = (
				547739BB1537132F00D24759 /* OGActionChooser */,
			);
		};
/* End PBXProject section */

/* Begin PBXResourcesBuildPhase section */
		547739BA1537132F00D24759 /* Resources */ = {
			isa = PBXResourcesBuildPhase;
			buildActionMask = 2147483647;
			files = (
				549B9FD715371CD100577F04 /* actionChooser_Button.png in Resources */,
			);
			runOnlyForDeploymentPostprocessing = 0;
		};
/* End PBXResourcesBuildPhase section */

/* Begin PBXSourcesBuildPhase section */
		547739B81537132F00D24759 /* Sources */ = {
			isa = PBXSourcesBuildPhase;
			buildActionMask = 2147483647;
			files = (
				547739CD1537132F00D24759 /* main.m in Sources */,
				549B9FD5153714F200577F04 /* OGActionChooser.m in Sources */,
				5464AEFC15389BFB002C479B /* SampleController.m in Sources */,
			);
			runOnlyForDeploymentPostprocessing = 0;
		};
/* End PBXSourcesBuildPhase section */

/* Begin XCBuildConfiguration section */
		547739DB1537132F00D24759 /* Debug */ = {
			isa = XCBuildConfiguration;
			buildSettings = {
				ALWAYS_SEARCH_USER_PATHS = NO;
				ARCHS = "$(ARCHS_STANDARD_32_BIT)";
				"CODE_SIGN_IDENTITY[sdk=iphoneos*]" = "iPhone Developer";
				COPY_PHASE_STRIP = NO;
				GCC_C_LANGUAGE_STANDARD = gnu99;
				GCC_DYNAMIC_NO_PIC = NO;
				GCC_OPTIMIZATION_LEVEL = 0;
				GCC_PREPROCESSOR_DEFINITIONS = (
					"DEBUG=1",
					"$(inherited)",
				);
				GCC_SYMBOLS_PRIVATE_EXTERN = NO;
				GCC_VERSION = com.apple.compilers.llvm.clang.1_0;
				GCC_WARN_ABOUT_RETURN_TYPE = YES;
				GCC_WARN_UNINITIALIZED_AUTOS = YES;
				GCC_WARN_UNUSED_VARIABLE = YES;
				IPHONEOS_DEPLOYMENT_TARGET = 3.0;
				SDKROOT = iphoneos;
				TARGETED_DEVICE_FAMILY = "1,2";
			};
			name = Debug;
		};
		547739DC1537132F00D24759 /* Release */ = {
			isa = XCBuildConfiguration;
			buildSettings = {
				ALWAYS_SEARCH_USER_PATHS = NO;
				ARCHS = "$(ARCHS_STANDARD_32_BIT)";
				"CODE_SIGN_IDENTITY[sdk=iphoneos*]" = "iPhone Developer";
				COPY_PHASE_STRIP = YES;
				GCC_C_LANGUAGE_STANDARD = gnu99;
				GCC_VERSION = com.apple.compilers.llvm.clang.1_0;
				GCC_WARN_ABOUT_RETURN_TYPE = YES;
				GCC_WARN_UNINITIALIZED_AUTOS = YES;
				GCC_WARN_UNUSED_VARIABLE = YES;
				IPHONEOS_DEPLOYMENT_TARGET = 3.0;
				OTHER_CFLAGS = "-DNS_BLOCK_ASSERTIONS=1";
				SDKROOT = iphoneos;
				TARGETED_DEVICE_FAMILY = "1,2";
				VALIDATE_PRODUCT = YES;
			};
			name = Release;
		};
		547739DE1537132F00D24759 /* Debug */ = {
			isa = XCBuildConfiguration;
			buildSettings = {
				GCC_PRECOMPILE_PREFIX_HEADER = YES;
				GCC_PREFIX_HEADER = "OGActionChooser-Example/OGActionChooser-Prefix.pch";
				INFOPLIST_FILE = "OGActionChooser-Example/OGActionChooser-Info.plist";
				PRODUCT_NAME = "$(TARGET_NAME)";
				TARGETED_DEVICE_FAMILY = 1;
				WRAPPER_EXTENSION = app;
			};
			name = Debug;
		};
		547739DF1537132F00D24759 /* Release */ = {
			isa = XCBuildConfiguration;
			buildSettings = {
				GCC_PRECOMPILE_PREFIX_HEADER = YES;
				GCC_PREFIX_HEADER = "OGActionChooser-Example/OGActionChooser-Prefix.pch";
				INFOPLIST_FILE = "OGActionChooser-Example/OGActionChooser-Info.plist";
				PRODUCT_NAME = "$(TARGET_NAME)";
				TARGETED_DEVICE_FAMILY = 1;
				WRAPPER_EXTENSION = app;
			};
			name = Release;
		};
/* End XCBuildConfiguration section */

/* Begin XCConfigurationList section */
		547739B61537132F00D24759 /* Build configuration list for PBXProject "OGActionChooser" */ = {
			isa = XCConfigurationList;
			buildConfigurations = (
				547739DB1537132F00D24759 /* Debug */,
				547739DC1537132F00D24759 /* Release */,
			);
			defaultConfigurationIsVisible = 0;
			defaultConfigurationName = Release;
		};
		547739DD1537132F00D24759 /* Build configuration list for PBXNativeTarget "OGActionChooser" */ = {
			isa = XCConfigurationList;
			buildConfigurations = (
				547739DE1537132F00D24759 /* Debug */,
				547739DF1537132F00D24759 /* Release */,
			);
			defaultConfigurationIsVisible = 0;
			defaultConfigurationName = Release;
		};
/* End XCConfigurationList section */
	};
	rootObject = 547739B31537132F00D24759 /* Project object */;
}
